// !$*UTF8*$!
{
	archiveVersion = 1;
	classes = {
	};
	objectVersion = 46;
	objects = {

/* Begin PBXBuildFile section */
		D0C9E9CC19DDAFC500CA1C6D /* AppDelegate.swift in Sources */ = {isa = PBXBuildFile; fileRef = D0C9E9CB19DDAFC500CA1C6D /* AppDelegate.swift */; };
		D0C9E9CE19DDAFC500CA1C6D /* ViewController.swift in Sources */ = {isa = PBXBuildFile; fileRef = D0C9E9CD19DDAFC500CA1C6D /* ViewController.swift */; };
		D0C9E9D119DDAFC500CA1C6D /* Main.storyboard in Resources */ = {isa = PBXBuildFile; fileRef = D0C9E9CF19DDAFC500CA1C6D /* Main.storyboard */; };
		D0C9E9D319DDAFC500CA1C6D /* Images.xcassets in Resources */ = {isa = PBXBuildFile; fileRef = D0C9E9D219DDAFC500CA1C6D /* Images.xcassets */; };
		D0C9E9D619DDAFC500CA1C6D /* LaunchScreen.xib in Resources */ = {isa = PBXBuildFile; fileRef = D0C9E9D419DDAFC500CA1C6D /* LaunchScreen.xib */; };
		D0C9E9E219DDAFC500CA1C6D /* MinorityReport_SwiftTests.swift in Sources */ = {isa = PBXBuildFile; fileRef = D0C9E9E119DDAFC500CA1C6D /* MinorityReport_SwiftTests.swift */; };
/* End PBXBuildFile section */

/* Begin PBXContainerItemProxy section */
		D0C9E9DC19DDAFC500CA1C6D /* PBXContainerItemProxy */ = {
			isa = PBXContainerItemProxy;
			containerPortal = D0C9E9BE19DDAFC500CA1C6D /* Project object */;
			proxyType = 1;
			remoteGlobalIDString = D0C9E9C519DDAFC500CA1C6D;
			remoteInfo = "MinorityReport-Swift";
		};
/* End PBXContainerItemProxy section */

/* Begin PBXFileReference section */
		D0C9E9C619DDAFC500CA1C6D /* MinorityReport-Swift.app */ = {isa = PBXFileReference; explicitFileType = wrapper.application; includeInIndex = 0; path = "MinorityReport-Swift.app"; sourceTree = BUILT_PRODUCTS_DIR; };
		D0C9E9CA19DDAFC500CA1C6D /* Info.plist */ = {isa = PBXFileReference; lastKnownFileType = text.plist.xml; path = Info.plist; sourceTree = "<group>"; };
		D0C9E9CB19DDAFC500CA1C6D /* AppDelegate.swift */ = {isa = PBXFileReference; lastKnownFileType = sourcecode.swift; path = AppDelegate.swift; sourceTree = "<group>"; };
		D0C9E9CD19DDAFC500CA1C6D /* ViewController.swift */ = {isa = PBXFileReference; lastKnownFileType = sourcecode.swift; path = ViewController.swift; sourceTree = "<group>"; };
		D0C9E9D019DDAFC500CA1C6D /* Base */ = {isa = PBXFileReference; lastKnownFileType = file.storyboard; name = Base; path = Base.lproj/Main.storyboard; sourceTree = "<group>"; };
		D0C9E9D219DDAFC500CA1C6D /* Images.xcassets */ = {isa = PBXFileReference; lastKnownFileType = folder.assetcatalog; path = Images.xcassets; sourceTree = "<group>"; };
		D0C9E9D519DDAFC500CA1C6D /* Base */ = {isa = PBXFileReference; lastKnownFileType = file.xib; name = Base; path = Base.lproj/LaunchScreen.xib; sourceTree = "<group>"; };
		D0C9E9DB19DDAFC500CA1C6D /* MinorityReport-SwiftTests.xctest */ = {isa = PBXFileReference; explicitFileType = wrapper.cfbundle; includeInIndex = 0; path = "MinorityReport-SwiftTests.xctest"; sourceTree = BUILT_PRODUCTS_DIR; };
		D0C9E9E019DDAFC500CA1C6D /* Info.plist */ = {isa = PBXFileReference; lastKnownFileType = text.plist.xml; path = Info.plist; sourceTree = "<group>"; };
		D0C9E9E119DDAFC500CA1C6D /* MinorityReport_SwiftTests.swift */ = {isa = PBXFileReference; lastKnownFileType = sourcecode.swift; path = MinorityReport_SwiftTests.swift; sourceTree = "<group>"; };
/* End PBXFileReference section */

/* Begin PBXFrameworksBuildPhase section */
		D0C9E9C319DDAFC500CA1C6D /* Frameworks */ = {
			isa = PBXFrameworksBuildPhase;
			buildActionMask = 2147483647;
			files = (
			);
			runOnlyForDeploymentPostprocessing = 0;
		};
		D0C9E9D819DDAFC500CA1C6D /* Frameworks */ = {
			isa = PBXFrameworksBuildPhase;
			buildActionMask = 2147483647;
			files = (
			);
			runOnlyForDeploymentPostprocessing = 0;
		};
/* End PBXFrameworksBuildPhase section */

/* Begin PBXGroup section */
		D0C9E9BD19DDAFC500CA1C6D = {
			isa = PBXGroup;
			children = (
				D0C9E9C819DDAFC500CA1C6D /* MinorityReport-Swift */,
				D0C9E9DE19DDAFC500CA1C6D /* MinorityReport-SwiftTests */,
				D0C9E9C719DDAFC500CA1C6D /* Products */,
			);
			sourceTree = "<group>";
		};
		D0C9E9C719DDAFC500CA1C6D /* Products */ = {
			isa = PBXGroup;
			children = (
				D0C9E9C619DDAFC500CA1C6D /* MinorityReport-Swift.app */,
				D0C9E9DB19DDAFC500CA1C6D /* MinorityReport-SwiftTests.xctest */,
			);
			name = Products;
			sourceTree = "<group>";
		};
		D0C9E9C819DDAFC500CA1C6D /* MinorityReport-Swift */ = {
			isa = PBXGroup;
			children = (
				D0C9E9CB19DDAFC500CA1C6D /* AppDelegate.swift */,
				D0C9E9CD19DDAFC500CA1C6D /* ViewController.swift */,
				D0C9E9CF19DDAFC500CA1C6D /* Main.storyboard */,
				D0C9E9D219DDAFC500CA1C6D /* Images.xcassets */,
				D0C9E9D419DDAFC500CA1C6D /* LaunchScreen.xib */,
				D0C9E9C919DDAFC500CA1C6D /* Supporting Files */,
			);
			path = "MinorityReport-Swift";
			sourceTree = "<group>";
		};
		D0C9E9C919DDAFC500CA1C6D /* Supporting Files */ = {
			isa = PBXGroup;
			children = (
				D0C9E9CA19DDAFC500CA1C6D /* Info.plist */,
			);
			name = "Supporting Files";
			sourceTree = "<group>";
		};
		D0C9E9DE19DDAFC500CA1C6D /* MinorityReport-SwiftTests */ = {
			isa = PBXGroup;
			children = (
				D0C9E9E119DDAFC500CA1C6D /* MinorityReport_SwiftTests.swift */,
				D0C9E9DF19DDAFC500CA1C6D /* Supporting Files */,
			);
			path = "MinorityReport-SwiftTests";
			sourceTree = "<group>";
		};
		D0C9E9DF19DDAFC500CA1C6D /* Supporting Files */ = {
			isa = PBXGroup;
			children = (
				D0C9E9E019DDAFC500CA1C6D /* Info.plist */,
			);
			name = "Supporting Files";
			sourceTree = "<group>";
		};
/* End PBXGroup section */

/* Begin PBXNativeTarget section */
		D0C9E9C519DDAFC500CA1C6D /* MinorityReport-Swift */ = {
			isa = PBXNativeTarget;
			buildConfigurationList = D0C9E9E519DDAFC500CA1C6D /* Build configuration list for PBXNativeTarget "MinorityReport-Swift" */;
			buildPhases = (
				D0C9E9C219DDAFC500CA1C6D /* Sources */,
				D0C9E9C319DDAFC500CA1C6D /* Frameworks */,
				D0C9E9C419DDAFC500CA1C6D /* Resources */,
			);
			buildRules = (
			);
			dependencies = (
			);
			name = "MinorityReport-Swift";
			productName = "MinorityReport-Swift";
			productReference = D0C9E9C619DDAFC500CA1C6D /* MinorityReport-Swift.app */;
			productType = "com.apple.product-type.application";
		};
		D0C9E9DA19DDAFC500CA1C6D /* MinorityReport-SwiftTests */ = {
			isa = PBXNativeTarget;
			buildConfigurationList = D0C9E9E819DDAFC500CA1C6D /* Build configuration list for PBXNativeTarget "MinorityReport-SwiftTests" */;
			buildPhases = (
				D0C9E9D719DDAFC500CA1C6D /* Sources */,
				D0C9E9D819DDAFC500CA1C6D /* Frameworks */,
				D0C9E9D919DDAFC500CA1C6D /* Resources */,
			);
			buildRules = (
			);
			dependencies = (
				D0C9E9DD19DDAFC500CA1C6D /* PBXTargetDependency */,
			);
			name = "MinorityReport-SwiftTests";
			productName = "MinorityReport-SwiftTests";
			productReference = D0C9E9DB19DDAFC500CA1C6D /* MinorityReport-SwiftTests.xctest */;
			productType = "com.apple.product-type.bundle.unit-test";
		};
/* End PBXNativeTarget section */

/* Begin PBXProject section */
		D0C9E9BE19DDAFC500CA1C6D /* Project object */ = {
			isa = PBXProject;
			attributes = {
				LastUpgradeCheck = 0600;
				ORGANIZATIONNAME = "Peter Hitchcock";
				TargetAttributes = {
					D0C9E9C519DDAFC500CA1C6D = {
						CreatedOnToolsVersion = 6.0.1;
					};
					D0C9E9DA19DDAFC500CA1C6D = {
						CreatedOnToolsVersion = 6.0.1;
						TestTargetID = D0C9E9C519DDAFC500CA1C6D;
					};
				};
			};
			buildConfigurationList = D0C9E9C119DDAFC500CA1C6D /* Build configuration list for PBXProject "MinorityReport-Swift" */;
			compatibilityVersion = "Xcode 3.2";
			developmentRegion = English;
			hasScannedForEncodings = 0;
			knownRegions = (
				en,
				Base,
			);
			mainGroup = D0C9E9BD19DDAFC500CA1C6D;
			productRefGroup = D0C9E9C719DDAFC500CA1C6D /* Products */;
			projectDirPath = "";
			projectRoot = "";
			targets = (
				D0C9E9C519DDAFC500CA1C6D /* MinorityReport-Swift */,
				D0C9E9DA19DDAFC500CA1C6D /* MinorityReport-SwiftTests */,
			);
		};
/* End PBXProject section */

/* Begin PBXResourcesBuildPhase section */
		D0C9E9C419DDAFC500CA1C6D /* Resources */ = {
			isa = PBXResourcesBuildPhase;
			buildActionMask = 2147483647;
			files = (
				D0C9E9D119DDAFC500CA1C6D /* Main.storyboard in Resources */,
				D0C9E9D619DDAFC500CA1C6D /* LaunchScreen.xib in Resources */,
				D0C9E9D319DDAFC500CA1C6D /* Images.xcassets in Resources */,
			);
			runOnlyForDeploymentPostprocessing = 0;
		};
		D0C9E9D919DDAFC500CA1C6D /* Resources */ = {
			isa = PBXResourcesBuildPhase;
			buildActionMask = 2147483647;
			files = (
			);
			runOnlyForDeploymentPostprocessing = 0;
		};
/* End PBXResourcesBuildPhase section */

/* Begin PBXSourcesBuildPhase section */
		D0C9E9C219DDAFC500CA1C6D /* Sources */ = {
			isa = PBXSourcesBuildPhase;
			buildActionMask = 2147483647;
			files = (
				D0C9E9CE19DDAFC500CA1C6D /* ViewController.swift in Sources */,
				D0C9E9CC19DDAFC500CA1C6D /* AppDelegate.swift in Sources */,
			);
			runOnlyForDeploymentPostprocessing = 0;
		};
		D0C9E9D719DDAFC500CA1C6D /* Sources */ = {
			isa = PBXSourcesBuildPhase;
			buildActionMask = 2147483647;
			files = (
				D0C9E9E219DDAFC500CA1C6D /* MinorityReport_SwiftTests.swift in Sources */,
			);
			runOnlyForDeploymentPostprocessing = 0;
		};
/* End PBXSourcesBuildPhase section */

/* Begin PBXTargetDependency section */
		D0C9E9DD19DDAFC500CA1C6D /* PBXTargetDependency */ = {
			isa = PBXTargetDependency;
			target = D0C9E9C519DDAFC500CA1C6D /* MinorityReport-Swift */;
			targetProxy = D0C9E9DC19DDAFC500CA1C6D /* PBXContainerItemProxy */;
		};
/* End PBXTargetDependency section */

/* Begin PBXVariantGroup section */
		D0C9E9CF19DDAFC500CA1C6D /* Main.storyboard */ = {
			isa = PBXVariantGroup;
			children = (
				D0C9E9D019DDAFC500CA1C6D /* Base */,
			);
			name = Main.storyboard;
			sourceTree = "<group>";
		};
		D0C9E9D419DDAFC500CA1C6D /* LaunchScreen.xib */ = {
			isa = PBXVariantGroup;
			children = (
				D0C9E9D519DDAFC500CA1C6D /* Base */,
			);
			name = LaunchScreen.xib;
			sourceTree = "<group>";
		};
/* End PBXVariantGroup section */

/* Begin XCBuildConfiguration section */
		D0C9E9E319DDAFC500CA1C6D /* Debug */ = {
			isa = XCBuildConfiguration;
			buildSettings = {
				ALWAYS_SEARCH_USER_PATHS = NO;
				CLANG_CXX_LANGUAGE_STANDARD = "gnu++0x";
				CLANG_CXX_LIBRARY = "libc++";
				CLANG_ENABLE_MODULES = YES;
				CLANG_ENABLE_OBJC_ARC = YES;
				CLANG_WARN_BOOL_CONVERSION = YES;
				CLANG_WARN_CONSTANT_CONVERSION = YES;
				CLANG_WARN_DIRECT_OBJC_ISA_USAGE = YES_ERROR;
				CLANG_WARN_EMPTY_BODY = YES;
				CLANG_WARN_ENUM_CONVERSION = YES;
				CLANG_WARN_INT_CONVERSION = YES;
				CLANG_WARN_OBJC_ROOT_CLASS = YES_ERROR;
				CLANG_WARN_UNREACHABLE_CODE = YES;
				CLANG_WARN__DUPLICATE_METHOD_MATCH = YES;
				"CODE_SIGN_IDENTITY[sdk=iphoneos*]" = "iPhone Developer";
				COPY_PHASE_STRIP = NO;
				ENABLE_STRICT_OBJC_MSGSEND = YES;
				GCC_C_LANGUAGE_STANDARD = gnu99;
				GCC_DYNAMIC_NO_PIC = NO;
				GCC_OPTIMIZATION_LEVEL = 0;
				GCC_PREPROCESSOR_DEFINITIONS = (
					"DEBUG=1",
					"$(inherited)",
				);
				GCC_SYMBOLS_PRIVATE_EXTERN = NO;
				GCC_WARN_64_TO_32_BIT_CONVERSION = YES;
				GCC_WARN_ABOUT_RETURN_TYPE = YES_ERROR;
				GCC_WARN_UNDECLARED_SELECTOR = YES;
				GCC_WARN_UNINITIALIZED_AUTOS = YES_AGGRESSIVE;
				GCC_WARN_UNUSED_FUNCTION = YES;
				GCC_WARN_UNUSED_VARIABLE = YES;
				IPHONEOS_DEPLOYMENT_TARGET = 8.0;
				MTL_ENABLE_DEBUG_INFO = YES;
				ONLY_ACTIVE_ARCH = YES;
				SDKROOT = iphoneos;
				SWIFT_OPTIMIZATION_LEVEL = "-Onone";
			};
			name = Debug;
		};
		D0C9E9E419DDAFC500CA1C6D /* Release */ = {
			isa = XCBuildConfiguration;
			buildSettings = {
				ALWAYS_SEARCH_USER_PATHS = NO;
				CLANG_CXX_LANGUAGE_STANDARD = "gnu++0x";
				CLANG_CXX_LIBRARY = "libc++";
				CLANG_ENABLE_MODULES = YES;
				CLANG_ENABLE_OBJC_ARC = YES;
				CLANG_WARN_BOOL_CONVERSION = YES;
				CLANG_WARN_CONSTANT_CONVERSION = YES;
				CLANG_WARN_DIRECT_OBJC_ISA_USAGE = YES_ERROR;
				CLANG_WARN_EMPTY_BODY = YES;
				CLANG_WARN_ENUM_CONVERSION = YES;
				CLANG_WARN_INT_CONVERSION = YES;
				CLANG_WARN_OBJC_ROOT_CLASS = YES_ERROR;
				CLANG_WARN_UNREACHABLE_CODE = YES;
				CLANG_WARN__DUPLICATE_METHOD_MATCH = YES;
				"CODE_SIGN_IDENTITY[sdk=iphoneos*]" = "iPhone Developer";
				COPY_PHASE_STRIP = YES;
				ENABLE_NS_ASSERTIONS = NO;
				ENABLE_STRICT_OBJC_MSGSEND = YES;
				GCC_C_LANGUAGE_STANDARD = gnu99;
				GCC_WARN_64_TO_32_BIT_CONVERSION = YES;
				GCC_WARN_ABOUT_RETURN_TYPE = YES_ERROR;
				GCC_WARN_UNDECLARED_SELECTOR = YES;
				GCC_WARN_UNINITIALIZED_AUTOS = YES_AGGRESSIVE;
				GCC_WARN_UNUSED_FUNCTION = YES;
				GCC_WARN_UNUSED_VARIABLE = YES;
				IPHONEOS_DEPLOYMENT_TARGET = 8.0;
				MTL_ENABLE_DEBUG_INFO = NO;
				SDKROOT = iphoneos;
				VALIDATE_PRODUCT = YES;
			};
			name = Release;
		};
		D0C9E9E619DDAFC500CA1C6D /* Debug */ = {
			isa = XCBuildConfiguration;
			buildSettings = {
				ASSETCATALOG_COMPILER_APPICON_NAME = AppIcon;
				INFOPLIST_FILE = "MinorityReport-Swift/Info.plist";
				LD_RUNPATH_SEARCH_PATHS = "$(inherited) @executable_path/Frameworks";
				PRODUCT_NAME = "$(TARGET_NAME)";
			};
			name = Debug;
		};
		D0C9E9E719DDAFC500CA1C6D /* Release */ = {
			isa = XCBuildConfiguration;
			buildSettings = {
				ASSETCATALOG_COMPILER_APPICON_NAME = AppIcon;
				INFOPLIST_FILE = "MinorityReport-Swift/Info.plist";
				LD_RUNPATH_SEARCH_PATHS = "$(inherited) @executable_path/Frameworks";
				PRODUCT_NAME = "$(TARGET_NAME)";
			};
			name = Release;
		};
		D0C9E9E919DDAFC500CA1C6D /* Debug */ = {
			isa = XCBuildConfiguration;
			buildSettings = {
				BUNDLE_LOADER = "$(TEST_HOST)";
				FRAMEWORK_SEARCH_PATHS = (
					"$(SDKROOT)/Developer/Library/Frameworks",
					"$(inherited)",
				);
				GCC_PREPROCESSOR_DEFINITIONS = (
					"DEBUG=1",
					"$(inherited)",
				);
				INFOPLIST_FILE = "MinorityReport-SwiftTests/Info.plist";
				LD_RUNPATH_SEARCH_PATHS = "$(inherited) @executable_path/Frameworks @loader_path/Frameworks";
				PRODUCT_NAME = "$(TARGET_NAME)";
				TEST_HOST = "$(BUILT_PRODUCTS_DIR)/MinorityReport-Swift.app/MinorityReport-Swift";
			};
			name = Debug;
		};
		D0C9E9EA19DDAFC500CA1C6D /* Release */ = {
			isa = XCBuildConfiguration;
			buildSettings = {
				BUNDLE_LOADER = "$(TEST_HOST)";
				FRAMEWORK_SEARCH_PATHS = (
					"$(SDKROOT)/Developer/Library/Frameworks",
					"$(inherited)",
				);
				INFOPLIST_FILE = "MinorityReport-SwiftTests/Info.plist";
				LD_RUNPATH_SEARCH_PATHS = "$(inherited) @executable_path/Frameworks @loader_path/Frameworks";
				PRODUCT_NAME = "$(TARGET_NAME)";
				TEST_HOST = "$(BUILT_PRODUCTS_DIR)/MinorityReport-Swift.app/MinorityReport-Swift";
			};
			name = Release;
		};
/* End XCBuildConfiguration section */

/* Begin XCConfigurationList section */
		D0C9E9C119DDAFC500CA1C6D /* Build configuration list for PBXProject "MinorityReport-Swift" */ = {
			isa = XCConfigurationList;
			buildConfigurations = (
				D0C9E9E319DDAFC500CA1C6D /* Debug */,
				D0C9E9E419DDAFC500CA1C6D /* Release */,
			);
			defaultConfigurationIsVisible = 0;
			defaultConfigurationName = Release;
		};
		D0C9E9E519DDAFC500CA1C6D /* Build configuration list for PBXNativeTarget "MinorityReport-Swift" */ = {
			isa = XCConfigurationList;
			buildConfigurations = (
				D0C9E9E619DDAFC500CA1C6D /* Debug */,
				D0C9E9E719DDAFC500CA1C6D /* Release */,
			);
			defaultConfigurationIsVisible = 0;
		};
		D0C9E9E819DDAFC500CA1C6D /* Build configuration list for PBXNativeTarget "MinorityReport-SwiftTests" */ = {
			isa = XCConfigurationList;
			buildConfigurations = (
				D0C9E9E919DDAFC500CA1C6D /* Debug */,
				D0C9E9EA19DDAFC500CA1C6D /* Release */,
			);
			defaultConfigurationIsVisible = 0;
		};
/* End XCConfigurationList section */
	};
	rootObject = D0C9E9BE19DDAFC500CA1C6D /* Project object */;
}
