// !$*UTF8*$!
{
	archiveVersion = 1;
	classes = {
	};
	objectVersion = 46;
	objects = {

/* Begin PBXBuildFile section */
		D0DC218219DC52B100869989 /* AppDelegate.swift in Sources */ = {isa = PBXBuildFile; fileRef = D0DC218119DC52B100869989 /* AppDelegate.swift */; };
		D0DC218419DC52B100869989 /* ViewController.swift in Sources */ = {isa = PBXBuildFile; fileRef = D0DC218319DC52B100869989 /* ViewController.swift */; };
		D0DC218719DC52B100869989 /* Main.storyboard in Resources */ = {isa = PBXBuildFile; fileRef = D0DC218519DC52B100869989 /* Main.storyboard */; };
		D0DC218919DC52B100869989 /* Images.xcassets in Resources */ = {isa = PBXBuildFile; fileRef = D0DC218819DC52B100869989 /* Images.xcassets */; };
		D0DC218C19DC52B100869989 /* LaunchScreen.xib in Resources */ = {isa = PBXBuildFile; fileRef = D0DC218A19DC52B100869989 /* LaunchScreen.xib */; };
		D0DC219819DC52B100869989 /* SafariTNG_SwiftTests.swift in Sources */ = {isa = PBXBuildFile; fileRef = D0DC219719DC52B100869989 /* SafariTNG_SwiftTests.swift */; };
/* End PBXBuildFile section */

/* Begin PBXContainerItemProxy section */
		D0DC219219DC52B100869989 /* PBXContainerItemProxy */ = {
			isa = PBXContainerItemProxy;
			containerPortal = D0DC217419DC52B100869989 /* Project object */;
			proxyType = 1;
			remoteGlobalIDString = D0DC217B19DC52B100869989;
			remoteInfo = "SafariTNG-Swift";
		};
/* End PBXContainerItemProxy section */

/* Begin PBXFileReference section */
		D0DC217C19DC52B100869989 /* SafariTNG-Swift.app */ = {isa = PBXFileReference; explicitFileType = wrapper.application; includeInIndex = 0; path = "SafariTNG-Swift.app"; sourceTree = BUILT_PRODUCTS_DIR; };
		D0DC218019DC52B100869989 /* Info.plist */ = {isa = PBXFileReference; lastKnownFileType = text.plist.xml; path = Info.plist; sourceTree = "<group>"; };
		D0DC218119DC52B100869989 /* AppDelegate.swift */ = {isa = PBXFileReference; lastKnownFileType = sourcecode.swift; path = AppDelegate.swift; sourceTree = "<group>"; };
		D0DC218319DC52B100869989 /* ViewController.swift */ = {isa = PBXFileReference; lastKnownFileType = sourcecode.swift; path = ViewController.swift; sourceTree = "<group>"; };
		D0DC218619DC52B100869989 /* Base */ = {isa = PBXFileReference; lastKnownFileType = file.storyboard; name = Base; path = Base.lproj/Main.storyboard; sourceTree = "<group>"; };
		D0DC218819DC52B100869989 /* Images.xcassets */ = {isa = PBXFileReference; lastKnownFileType = folder.assetcatalog; path = Images.xcassets; sourceTree = "<group>"; };
		D0DC218B19DC52B100869989 /* Base */ = {isa = PBXFileReference; lastKnownFileType = file.xib; name = Base; path = Base.lproj/LaunchScreen.xib; sourceTree = "<group>"; };
		D0DC219119DC52B100869989 /* SafariTNG-SwiftTests.xctest */ = {isa = PBXFileReference; explicitFileType = wrapper.cfbundle; includeInIndex = 0; path = "SafariTNG-SwiftTests.xctest"; sourceTree = BUILT_PRODUCTS_DIR; };
		D0DC219619DC52B100869989 /* Info.plist */ = {isa = PBXFileReference; lastKnownFileType = text.plist.xml; path = Info.plist; sourceTree = "<group>"; };
		D0DC219719DC52B100869989 /* SafariTNG_SwiftTests.swift */ = {isa = PBXFileReference; lastKnownFileType = sourcecode.swift; path = SafariTNG_SwiftTests.swift; sourceTree = "<group>"; };
/* End PBXFileReference section */

/* Begin PBXFrameworksBuildPhase section */
		D0DC217919DC52B100869989 /* Frameworks */ = {
			isa = PBXFrameworksBuildPhase;
			buildActionMask = 2147483647;
			files = (
			);
			runOnlyForDeploymentPostprocessing = 0;
		};
		D0DC218E19DC52B100869989 /* Frameworks */ = {
			isa = PBXFrameworksBuildPhase;
			buildActionMask = 2147483647;
			files = (
			);
			runOnlyForDeploymentPostprocessing = 0;
		};
/* End PBXFrameworksBuildPhase section */

/* Begin PBXGroup section */
		D0DC217319DC52B100869989 = {
			isa = PBXGroup;
			children = (
				D0DC217E19DC52B100869989 /* SafariTNG-Swift */,
				D0DC219419DC52B100869989 /* SafariTNG-SwiftTests */,
				D0DC217D19DC52B100869989 /* Products */,
			);
			sourceTree = "<group>";
		};
		D0DC217D19DC52B100869989 /* Products */ = {
			isa = PBXGroup;
			children = (
				D0DC217C19DC52B100869989 /* SafariTNG-Swift.app */,
				D0DC219119DC52B100869989 /* SafariTNG-SwiftTests.xctest */,
			);
			name = Products;
			sourceTree = "<group>";
		};
		D0DC217E19DC52B100869989 /* SafariTNG-Swift */ = {
			isa = PBXGroup;
			children = (
				D0DC218119DC52B100869989 /* AppDelegate.swift */,
				D0DC218319DC52B100869989 /* ViewController.swift */,
				D0DC218519DC52B100869989 /* Main.storyboard */,
				D0DC218819DC52B100869989 /* Images.xcassets */,
				D0DC218A19DC52B100869989 /* LaunchScreen.xib */,
				D0DC217F19DC52B100869989 /* Supporting Files */,
			);
			path = "SafariTNG-Swift";
			sourceTree = "<group>";
		};
		D0DC217F19DC52B100869989 /* Supporting Files */ = {
			isa = PBXGroup;
			children = (
				D0DC218019DC52B100869989 /* Info.plist */,
			);
			name = "Supporting Files";
			sourceTree = "<group>";
		};
		D0DC219419DC52B100869989 /* SafariTNG-SwiftTests */ = {
			isa = PBXGroup;
			children = (
				D0DC219719DC52B100869989 /* SafariTNG_SwiftTests.swift */,
				D0DC219519DC52B100869989 /* Supporting Files */,
			);
			path = "SafariTNG-SwiftTests";
			sourceTree = "<group>";
		};
		D0DC219519DC52B100869989 /* Supporting Files */ = {
			isa = PBXGroup;
			children = (
				D0DC219619DC52B100869989 /* Info.plist */,
			);
			name = "Supporting Files";
			sourceTree = "<group>";
		};
/* End PBXGroup section */

/* Begin PBXNativeTarget section */
		D0DC217B19DC52B100869989 /* SafariTNG-Swift */ = {
			isa = PBXNativeTarget;
			buildConfigurationList = D0DC219B19DC52B100869989 /* Build configuration list for PBXNativeTarget "SafariTNG-Swift" */;
			buildPhases = (
				D0DC217819DC52B100869989 /* Sources */,
				D0DC217919DC52B100869989 /* Frameworks */,
				D0DC217A19DC52B100869989 /* Resources */,
			);
			buildRules = (
			);
			dependencies = (
			);
			name = "SafariTNG-Swift";
			productName = "SafariTNG-Swift";
			productReference = D0DC217C19DC52B100869989 /* SafariTNG-Swift.app */;
			productType = "com.apple.product-type.application";
		};
		D0DC219019DC52B100869989 /* SafariTNG-SwiftTests */ = {
			isa = PBXNativeTarget;
			buildConfigurationList = D0DC219E19DC52B100869989 /* Build configuration list for PBXNativeTarget "SafariTNG-SwiftTests" */;
			buildPhases = (
				D0DC218D19DC52B100869989 /* Sources */,
				D0DC218E19DC52B100869989 /* Frameworks */,
				D0DC218F19DC52B100869989 /* Resources */,
			);
			buildRules = (
			);
			dependencies = (
				D0DC219319DC52B100869989 /* PBXTargetDependency */,
			);
			name = "SafariTNG-SwiftTests";
			productName = "SafariTNG-SwiftTests";
			productReference = D0DC219119DC52B100869989 /* SafariTNG-SwiftTests.xctest */;
			productType = "com.apple.product-type.bundle.unit-test";
		};
/* End PBXNativeTarget section */

/* Begin PBXProject section */
		D0DC217419DC52B100869989 /* Project object */ = {
			isa = PBXProject;
			attributes = {
				LastUpgradeCheck = 0600;
				ORGANIZATIONNAME = "Peter Hitchcock";
				TargetAttributes = {
					D0DC217B19DC52B100869989 = {
						CreatedOnToolsVersion = 6.0.1;
					};
					D0DC219019DC52B100869989 = {
						CreatedOnToolsVersion = 6.0.1;
						TestTargetID = D0DC217B19DC52B100869989;
					};
				};
			};
			buildConfigurationList = D0DC217719DC52B100869989 /* Build configuration list for PBXProject "SafariTNG-Swift" */;
			compatibilityVersion = "Xcode 3.2";
			developmentRegion = English;
			hasScannedForEncodings = 0;
			knownRegions = (
				en,
				Base,
			);
			mainGroup = D0DC217319DC52B100869989;
			productRefGroup = D0DC217D19DC52B100869989 /* Products */;
			projectDirPath = "";
			projectRoot = "";
			targets = (
				D0DC217B19DC52B100869989 /* SafariTNG-Swift */,
				D0DC219019DC52B100869989 /* SafariTNG-SwiftTests */,
			);
		};
/* End PBXProject section */

/* Begin PBXResourcesBuildPhase section */
		D0DC217A19DC52B100869989 /* Resources */ = {
			isa = PBXResourcesBuildPhase;
			buildActionMask = 2147483647;
			files = (
				D0DC218719DC52B100869989 /* Main.storyboard in Resources */,
				D0DC218C19DC52B100869989 /* LaunchScreen.xib in Resources */,
				D0DC218919DC52B100869989 /* Images.xcassets in Resources */,
			);
			runOnlyForDeploymentPostprocessing = 0;
		};
		D0DC218F19DC52B100869989 /* Resources */ = {
			isa = PBXResourcesBuildPhase;
			buildActionMask = 2147483647;
			files = (
			);
			runOnlyForDeploymentPostprocessing = 0;
		};
/* End PBXResourcesBuildPhase section */

/* Begin PBXSourcesBuildPhase section */
		D0DC217819DC52B100869989 /* Sources */ = {
			isa = PBXSourcesBuildPhase;
			buildActionMask = 2147483647;
			files = (
				D0DC218419DC52B100869989 /* ViewController.swift in Sources */,
				D0DC218219DC52B100869989 /* AppDelegate.swift in Sources */,
			);
			runOnlyForDeploymentPostprocessing = 0;
		};
		D0DC218D19DC52B100869989 /* Sources */ = {
			isa = PBXSourcesBuildPhase;
			buildActionMask = 2147483647;
			files = (
				D0DC219819DC52B100869989 /* SafariTNG_SwiftTests.swift in Sources */,
			);
			runOnlyForDeploymentPostprocessing = 0;
		};
/* End PBXSourcesBuildPhase section */

/* Begin PBXTargetDependency section */
		D0DC219319DC52B100869989 /* PBXTargetDependency */ = {
			isa = PBXTargetDependency;
			target = D0DC217B19DC52B100869989 /* SafariTNG-Swift */;
			targetProxy = D0DC219219DC52B100869989 /* PBXContainerItemProxy */;
		};
/* End PBXTargetDependency section */

/* Begin PBXVariantGroup section */
		D0DC218519DC52B100869989 /* Main.storyboard */ = {
			isa = PBXVariantGroup;
			children = (
				D0DC218619DC52B100869989 /* Base */,
			);
			name = Main.storyboard;
			sourceTree = "<group>";
		};
		D0DC218A19DC52B100869989 /* LaunchScreen.xib */ = {
			isa = PBXVariantGroup;
			children = (
				D0DC218B19DC52B100869989 /* Base */,
			);
			name = LaunchScreen.xib;
			sourceTree = "<group>";
		};
/* End PBXVariantGroup section */

/* Begin XCBuildConfiguration section */
		D0DC219919DC52B100869989 /* Debug */ = {
			isa = XCBuildConfiguration;
			buildSettings = {
				ALWAYS_SEARCH_USER_PATHS = NO;
				CLANG_CXX_LANGUAGE_STANDARD = "gnu++0x";
				CLANG_CXX_LIBRARY = "libc++";
				CLANG_ENABLE_MODULES = YES;
				CLANG_ENABLE_OBJC_ARC = YES;
				CLANG_WARN_BOOL_CONVERSION = YES;
				CLANG_WARN_CONSTANT_CONVERSION = YES;
				CLANG_WARN_DIRECT_OBJC_ISA_USAGE = YES_ERROR;
				CLANG_WARN_EMPTY_BODY = YES;
				CLANG_WARN_ENUM_CONVERSION = YES;
				CLANG_WARN_INT_CONVERSION = YES;
				CLANG_WARN_OBJC_ROOT_CLASS = YES_ERROR;
				CLANG_WARN_UNREACHABLE_CODE = YES;
				CLANG_WARN__DUPLICATE_METHOD_MATCH = YES;
				"CODE_SIGN_IDENTITY[sdk=iphoneos*]" = "iPhone Developer";
				COPY_PHASE_STRIP = NO;
				ENABLE_STRICT_OBJC_MSGSEND = YES;
				GCC_C_LANGUAGE_STANDARD = gnu99;
				GCC_DYNAMIC_NO_PIC = NO;
				GCC_OPTIMIZATION_LEVEL = 0;
				GCC_PREPROCESSOR_DEFINITIONS = (
					"DEBUG=1",
					"$(inherited)",
				);
				GCC_SYMBOLS_PRIVATE_EXTERN = NO;
				GCC_WARN_64_TO_32_BIT_CONVERSION = YES;
				GCC_WARN_ABOUT_RETURN_TYPE = YES_ERROR;
				GCC_WARN_UNDECLARED_SELECTOR = YES;
				GCC_WARN_UNINITIALIZED_AUTOS = YES_AGGRESSIVE;
				GCC_WARN_UNUSED_FUNCTION = YES;
				GCC_WARN_UNUSED_VARIABLE = YES;
				IPHONEOS_DEPLOYMENT_TARGET = 8.0;
				MTL_ENABLE_DEBUG_INFO = YES;
				ONLY_ACTIVE_ARCH = YES;
				SDKROOT = iphoneos;
				SWIFT_OPTIMIZATION_LEVEL = "-Onone";
			};
			name = Debug;
		};
		D0DC219A19DC52B100869989 /* Release */ = {
			isa = XCBuildConfiguration;
			buildSettings = {
				ALWAYS_SEARCH_USER_PATHS = NO;
				CLANG_CXX_LANGUAGE_STANDARD = "gnu++0x";
				CLANG_CXX_LIBRARY = "libc++";
				CLANG_ENABLE_MODULES = YES;
				CLANG_ENABLE_OBJC_ARC = YES;
				CLANG_WARN_BOOL_CONVERSION = YES;
				CLANG_WARN_CONSTANT_CONVERSION = YES;
				CLANG_WARN_DIRECT_OBJC_ISA_USAGE = YES_ERROR;
				CLANG_WARN_EMPTY_BODY = YES;
				CLANG_WARN_ENUM_CONVERSION = YES;
				CLANG_WARN_INT_CONVERSION = YES;
				CLANG_WARN_OBJC_ROOT_CLASS = YES_ERROR;
				CLANG_WARN_UNREACHABLE_CODE = YES;
				CLANG_WARN__DUPLICATE_METHOD_MATCH = YES;
				"CODE_SIGN_IDENTITY[sdk=iphoneos*]" = "iPhone Developer";
				COPY_PHASE_STRIP = YES;
				ENABLE_NS_ASSERTIONS = NO;
				ENABLE_STRICT_OBJC_MSGSEND = YES;
				GCC_C_LANGUAGE_STANDARD = gnu99;
				GCC_WARN_64_TO_32_BIT_CONVERSION = YES;
				GCC_WARN_ABOUT_RETURN_TYPE = YES_ERROR;
				GCC_WARN_UNDECLARED_SELECTOR = YES;
				GCC_WARN_UNINITIALIZED_AUTOS = YES_AGGRESSIVE;
				GCC_WARN_UNUSED_FUNCTION = YES;
				GCC_WARN_UNUSED_VARIABLE = YES;
				IPHONEOS_DEPLOYMENT_TARGET = 8.0;
				MTL_ENABLE_DEBUG_INFO = NO;
				SDKROOT = iphoneos;
				VALIDATE_PRODUCT = YES;
			};
			name = Release;
		};
		D0DC219C19DC52B100869989 /* Debug */ = {
			isa = XCBuildConfiguration;
			buildSettings = {
				ASSETCATALOG_COMPILER_APPICON_NAME = AppIcon;
				INFOPLIST_FILE = "SafariTNG-Swift/Info.plist";
				LD_RUNPATH_SEARCH_PATHS = "$(inherited) @executable_path/Frameworks";
				PRODUCT_NAME = "$(TARGET_NAME)";
			};
			name = Debug;
		};
		D0DC219D19DC52B100869989 /* Release */ = {
			isa = XCBuildConfiguration;
			buildSettings = {
				ASSETCATALOG_COMPILER_APPICON_NAME = AppIcon;
				INFOPLIST_FILE = "SafariTNG-Swift/Info.plist";
				LD_RUNPATH_SEARCH_PATHS = "$(inherited) @executable_path/Frameworks";
				PRODUCT_NAME = "$(TARGET_NAME)";
			};
			name = Release;
		};
		D0DC219F19DC52B100869989 /* Debug */ = {
			isa = XCBuildConfiguration;
			buildSettings = {
				BUNDLE_LOADER = "$(TEST_HOST)";
				FRAMEWORK_SEARCH_PATHS = (
					"$(SDKROOT)/Developer/Library/Frameworks",
					"$(inherited)",
				);
				GCC_PREPROCESSOR_DEFINITIONS = (
					"DEBUG=1",
					"$(inherited)",
				);
				INFOPLIST_FILE = "SafariTNG-SwiftTests/Info.plist";
				LD_RUNPATH_SEARCH_PATHS = "$(inherited) @executable_path/Frameworks @loader_path/Frameworks";
				PRODUCT_NAME = "$(TARGET_NAME)";
				TEST_HOST = "$(BUILT_PRODUCTS_DIR)/SafariTNG-Swift.app/SafariTNG-Swift";
			};
			name = Debug;
		};
		D0DC21A019DC52B100869989 /* Release */ = {
			isa = XCBuildConfiguration;
			buildSettings = {
				BUNDLE_LOADER = "$(TEST_HOST)";
				FRAMEWORK_SEARCH_PATHS = (
					"$(SDKROOT)/Developer/Library/Frameworks",
					"$(inherited)",
				);
				INFOPLIST_FILE = "SafariTNG-SwiftTests/Info.plist";
				LD_RUNPATH_SEARCH_PATHS = "$(inherited) @executable_path/Frameworks @loader_path/Frameworks";
				PRODUCT_NAME = "$(TARGET_NAME)";
				TEST_HOST = "$(BUILT_PRODUCTS_DIR)/SafariTNG-Swift.app/SafariTNG-Swift";
			};
			name = Release;
		};
/* End XCBuildConfiguration section */

/* Begin XCConfigurationList section */
		D0DC217719DC52B100869989 /* Build configuration list for PBXProject "SafariTNG-Swift" */ = {
			isa = XCConfigurationList;
			buildConfigurations = (
				D0DC219919DC52B100869989 /* Debug */,
				D0DC219A19DC52B100869989 /* Release */,
			);
			defaultConfigurationIsVisible = 0;
			defaultConfigurationName = Release;
		};
		D0DC219B19DC52B100869989 /* Build configuration list for PBXNativeTarget "SafariTNG-Swift" */ = {
			isa = XCConfigurationList;
			buildConfigurations = (
				D0DC219C19DC52B100869989 /* Debug */,
				D0DC219D19DC52B100869989 /* Release */,
			);
			defaultConfigurationIsVisible = 0;
		};
		D0DC219E19DC52B100869989 /* Build configuration list for PBXNativeTarget "SafariTNG-SwiftTests" */ = {
			isa = XCConfigurationList;
			buildConfigurations = (
				D0DC219F19DC52B100869989 /* Debug */,
				D0DC21A019DC52B100869989 /* Release */,
			);
			defaultConfigurationIsVisible = 0;
		};
/* End XCConfigurationList section */
	};
	rootObject = D0DC217419DC52B100869989 /* Project object */;
}
